// !$*UTF8*$!
{
	archiveVersion = 1;
	classes = {
	};
	objectVersion = 77;
	objects = {

/* Begin PBXBuildFile section */
		C5AF8FC32F1CB1FD0086A678 /* WidgetKit.framework in Frameworks */ = {isa = PBXBuildFile; fileRef = C5AF8FC22F1CB1FC0086A678 /* WidgetKit.framework */; };
		C5AF8FC52F1CB1FD0086A678 /* SwiftUI.framework in Frameworks */ = {isa = PBXBuildFile; fileRef = C5AF8FC42F1CB1FD0086A678 /* SwiftUI.framework */; };
		C5AF8FD62F1CB1FE0086A678 /* ClockWidgetExtension.appex in Embed Foundation Extensions */ = {isa = PBXBuildFile; fileRef = C5AF8FC02F1CB1FC0086A678 /* ClockWidgetExtension.appex */; settings = {ATTRIBUTES = (RemoveHeadersOnCopy, ); }; };
		C5AF8FDD2F1CC1FD0086A678 /* icon.png in Resources */ = {isa = PBXBuildFile; fileRef = C5AF8FDC2F1CC1FD0086A678 /* icon.png */; };
		C5AF8FDE2F1CC1FD0086A678 /* icon.png in Resources */ = {isa = PBXBuildFile; fileRef = C5AF8FDC2F1CC1FD0086A678 /* icon.png */; };
/* End PBXBuildFile section */

/* Begin PBXContainerItemProxy section */
		C5AF8F102F1906280086A678 /* PBXContainerItemProxy */ = {
			isa = PBXContainerItemProxy;
			containerPortal = C5AF8EF52F1906250086A678 /* Project object */;
			proxyType = 1;
			remoteGlobalIDString = C5AF8EFC2F1906250086A678;
			remoteInfo = digital_clock;
		};
		C5AF8F1A2F1906280086A678 /* PBXContainerItemProxy */ = {
			isa = PBXContainerItemProxy;
			containerPortal = C5AF8EF52F1906250086A678 /* Project object */;
			proxyType = 1;
			remoteGlobalIDString = C5AF8EFC2F1906250086A678;
			remoteInfo = digital_clock;
		};
		C5AF8FD42F1CB1FE0086A678 /* PBXContainerItemProxy */ = {
			isa = PBXContainerItemProxy;
			containerPortal = C5AF8EF52F1906250086A678 /* Project object */;
			proxyType = 1;
			remoteGlobalIDString = C5AF8FBF2F1CB1FC0086A678;
			remoteInfo = ClockWidgetExtension;
		};
/* End PBXContainerItemProxy section */

/* Begin PBXCopyFilesBuildPhase section */
		C5AF8FDB2F1CB1FE0086A678 /* Embed Foundation Extensions */ = {
			isa = PBXCopyFilesBuildPhase;
			buildActionMask = 2147483647;
			dstPath = "";
			dstSubfolderSpec = 13;
			files = (
				C5AF8FD62F1CB1FE0086A678 /* ClockWidgetExtension.appex in Embed Foundation Extensions */,
			);
			name = "Embed Foundation Extensions";
			runOnlyForDeploymentPostprocessing = 0;
		};
/* End PBXCopyFilesBuildPhase section */

/* Begin PBXFileReference section */
		C5AF8EFD2F1906250086A678 /* digital_clock.app */ = {isa = PBXFileReference; explicitFileType = wrapper.application; includeInIndex = 0; path = digital_clock.app; sourceTree = BUILT_PRODUCTS_DIR; };
		C5AF8F0F2F1906280086A678 /* digital_clockTests.xctest */ = {isa = PBXFileReference; explicitFileType = wrapper.cfbundle; includeInIndex = 0; path = digital_clockTests.xctest; sourceTree = BUILT_PRODUCTS_DIR; };
		C5AF8F192F1906280086A678 /* digital_clockUITests.xctest */ = {isa = PBXFileReference; explicitFileType = wrapper.cfbundle; includeInIndex = 0; path = digital_clockUITests.xctest; sourceTree = BUILT_PRODUCTS_DIR; };
		C5AF8FC02F1CB1FC0086A678 /* ClockWidgetExtension.appex */ = {isa = PBXFileReference; explicitFileType = "wrapper.app-extension"; includeInIndex = 0; path = ClockWidgetExtension.appex; sourceTree = BUILT_PRODUCTS_DIR; };
		C5AF8FC22F1CB1FC0086A678 /* WidgetKit.framework */ = {isa = PBXFileReference; lastKnownFileType = wrapper.framework; name = WidgetKit.framework; path = System/Library/Frameworks/WidgetKit.framework; sourceTree = SDKROOT; };
		C5AF8FC42F1CB1FD0086A678 /* SwiftUI.framework */ = {isa = PBXFileReference; lastKnownFileType = wrapper.framework; name = SwiftUI.framework; path = System/Library/Frameworks/SwiftUI.framework; sourceTree = SDKROOT; };
		C5AF8FDC2F1CC1FD0086A678 /* icon.png */ = {isa = PBXFileReference; lastKnownFileType = image.png; path = icon.png; sourceTree = "<group>"; };
/* End PBXFileReference section */

/* Begin PBXFileSystemSynchronizedBuildFileExceptionSet section */
		C5AF8FD72F1CB1FE0086A678 /* Exceptions for "ClockWidget" folder in "ClockWidgetExtension" target */ = {
			isa = PBXFileSystemSynchronizedBuildFileExceptionSet;
			membershipExceptions = (
				Info.plist,
			);
			target = C5AF8FBF2F1CB1FC0086A678 /* ClockWidgetExtension */;
		};
/* End PBXFileSystemSynchronizedBuildFileExceptionSet section */

/* Begin PBXFileSystemSynchronizedRootGroup section */
		C5AF8EFF2F1906250086A678 /* digital_clock */ = {
			isa = PBXFileSystemSynchronizedRootGroup;
			path = digital_clock;
			sourceTree = "<group>";
		};
		C5AF8F122F1906280086A678 /* digital_clockTests */ = {
			isa = PBXFileSystemSynchronizedRootGroup;
			path = digital_clockTests;
			sourceTree = "<group>";
		};
		C5AF8F1C2F1906280086A678 /* digital_clockUITests */ = {
			isa = PBXFileSystemSynchronizedRootGroup;
			path = digital_clockUITests;
			sourceTree = "<group>";
		};
		C5AF8FC62F1CB1FD0086A678 /* ClockWidget */ = {
			isa = PBXFileSystemSynchronizedRootGroup;
			exceptions = (
				C5AF8FD72F1CB1FE0086A678 /* Exceptions for "ClockWidget" folder in "ClockWidgetExtension" target */,
			);
			path = ClockWidget;
			sourceTree = "<group>";
		};
/* End PBXFileSystemSynchronizedRootGroup section */

/* Begin PBXFrameworksBuildPhase section */
		C5AF8EFA2F1906250086A678 /* Frameworks */ = {
			isa = PBXFrameworksBuildPhase;
			buildActionMask = 2147483647;
			files = (
			);
			runOnlyForDeploymentPostprocessing = 0;
		};
		C5AF8F0C2F1906280086A678 /* Frameworks */ = {
			isa = PBXFrameworksBuildPhase;
			buildActionMask = 2147483647;
			files = (
			);
			runOnlyForDeploymentPostprocessing = 0;
		};
		C5AF8F162F1906280086A678 /* Frameworks */ = {
			isa = PBXFrameworksBuildPhase;
			buildActionMask = 2147483647;
			files = (
			);
			runOnlyForDeploymentPostprocessing = 0;
		};
		C5AF8FBD2F1CB1FC0086A678 /* Frameworks */ = {
			isa = PBXFrameworksBuildPhase;
			buildActionMask = 2147483647;
			files = (
				C5AF8FC52F1CB1FD0086A678 /* SwiftUI.framework in Frameworks */,
				C5AF8FC32F1CB1FD0086A678 /* WidgetKit.framework in Frameworks */,
			);
			runOnlyForDeploymentPostprocessing = 0;
		};
/* End PBXFrameworksBuildPhase section */

/* Begin PBXGroup section */
		C5AF8EF42F1906250086A678 = {
			isa = PBXGroup;
			children = (
				C5AF8EFF2F1906250086A678 /* digital_clock */,
				C5AF8F122F1906280086A678 /* digital_clockTests */,
				C5AF8F1C2F1906280086A678 /* digital_clockUITests */,
				C5AF8FC62F1CB1FD0086A678 /* ClockWidget */,
				C5AF8FC12F1CB1FC0086A678 /* Frameworks */,
				C5AF8EFE2F1906250086A678 /* Products */,
			);
			sourceTree = "<group>";
		};
		C5AF8EFE2F1906250086A678 /* Products */ = {
			isa = PBXGroup;
			children = (
				C5AF8EFD2F1906250086A678 /* digital_clock.app */,
				C5AF8F0F2F1906280086A678 /* digital_clockTests.xctest */,
				C5AF8F192F1906280086A678 /* digital_clockUITests.xctest */,
				C5AF8FC02F1CB1FC0086A678 /* ClockWidgetExtension.appex */,
			);
			name = Products;
			sourceTree = "<group>";
		};
		C5AF8FC12F1CB1FC0086A678 /* Frameworks */ = {
			isa = PBXGroup;
			children = (
				C5AF8FDC2F1CC1FD0086A678 /* icon.png */,
				C5AF8FC22F1CB1FC0086A678 /* WidgetKit.framework */,
				C5AF8FC42F1CB1FD0086A678 /* SwiftUI.framework */,
			);
			name = Frameworks;
			sourceTree = "<group>";
		};
/* End PBXGroup section */

/* Begin PBXNativeTarget section */
		C5AF8EFC2F1906250086A678 /* digital_clock */ = {
			isa = PBXNativeTarget;
			buildConfigurationList = C5AF8F232F1906280086A678 /* Build configuration list for PBXNativeTarget "digital_clock" */;
			buildPhases = (
				C5AF8EF92F1906250086A678 /* Sources */,
				C5AF8EFA2F1906250086A678 /* Frameworks */,
				C5AF8EFB2F1906250086A678 /* Resources */,
				C5AF8FDB2F1CB1FE0086A678 /* Embed Foundation Extensions */,
			);
			buildRules = (
			);
			dependencies = (
				C5AF8FD52F1CB1FE0086A678 /* PBXTargetDependency */,
			);
			fileSystemSynchronizedGroups = (
				C5AF8EFF2F1906250086A678 /* digital_clock */,
			);
			name = digital_clock;
			packageProductDependencies = (
			);
			productName = digital_clock;
			productReference = C5AF8EFD2F1906250086A678 /* digital_clock.app */;
			productType = "com.apple.product-type.application";
		};
		C5AF8F0E2F1906280086A678 /* digital_clockTests */ = {
			isa = PBXNativeTarget;
			buildConfigurationList = C5AF8F262F1906280086A678 /* Build configuration list for PBXNativeTarget "digital_clockTests" */;
			buildPhases = (
				C5AF8F0B2F1906280086A678 /* Sources */,
				C5AF8F0C2F1906280086A678 /* Frameworks */,
				C5AF8F0D2F1906280086A678 /* Resources */,
			);
			buildRules = (
			);
			dependencies = (
				C5AF8F112F1906280086A678 /* PBXTargetDependency */,
			);
			fileSystemSynchronizedGroups = (
				C5AF8F122F1906280086A678 /* digital_clockTests */,
			);
			name = digital_clockTests;
			packageProductDependencies = (
			);
			productName = digital_clockTests;
			productReference = C5AF8F0F2F1906280086A678 /* digital_clockTests.xctest */;
			productType = "com.apple.product-type.bundle.unit-test";
		};
		C5AF8F182F1906280086A678 /* digital_clockUITests */ = {
			isa = PBXNativeTarget;
			buildConfigurationList = C5AF8F292F1906280086A678 /* Build configuration list for PBXNativeTarget "digital_clockUITests" */;
			buildPhases = (
				C5AF8F152F1906280086A678 /* Sources */,
				C5AF8F162F1906280086A678 /* Frameworks */,
				C5AF8F172F1906280086A678 /* Resources */,
			);
			buildRules = (
			);
			dependencies = (
				C5AF8F1B2F1906280086A678 /* PBXTargetDependency */,
			);
			fileSystemSynchronizedGroups = (
				C5AF8F1C2F1906280086A678 /* digital_clockUITests */,
			);
			name = digital_clockUITests;
			packageProductDependencies = (
			);
			productName = digital_clockUITests;
			productReference = C5AF8F192F1906280086A678 /* digital_clockUITests.xctest */;
			productType = "com.apple.product-type.bundle.ui-testing";
		};
		C5AF8FBF2F1CB1FC0086A678 /* ClockWidgetExtension */ = {
			isa = PBXNativeTarget;
			buildConfigurationList = C5AF8FD82F1CB1FE0086A678 /* Build configuration list for PBXNativeTarget "ClockWidgetExtension" */;
			buildPhases = (
				C5AF8FBC2F1CB1FC0086A678 /* Sources */,
				C5AF8FBD2F1CB1FC0086A678 /* Frameworks */,
				C5AF8FBE2F1CB1FC0086A678 /* Resources */,
			);
			buildRules = (
			);
			dependencies = (
			);
			fileSystemSynchronizedGroups = (
				C5AF8FC62F1CB1FD0086A678 /* ClockWidget */,
			);
			name = ClockWidgetExtension;
			packageProductDependencies = (
			);
			productName = ClockWidgetExtension;
			productReference = C5AF8FC02F1CB1FC0086A678 /* ClockWidgetExtension.appex */;
			productType = "com.apple.product-type.app-extension";
		};
/* End PBXNativeTarget section */

/* Begin PBXProject section */
		C5AF8EF52F1906250086A678 /* Project object */ = {
			isa = PBXProject;
			attributes = {
				BuildIndependentTargetsInParallel = 1;
				LastSwiftUpdateCheck = 2610;
				LastUpgradeCheck = 2610;
				TargetAttributes = {
					C5AF8EFC2F1906250086A678 = {
						CreatedOnToolsVersion = 26.1.1;
					};
					C5AF8F0E2F1906280086A678 = {
						CreatedOnToolsVersion = 26.1.1;
						TestTargetID = C5AF8EFC2F1906250086A678;
					};
					C5AF8F182F1906280086A678 = {
						CreatedOnToolsVersion = 26.1.1;
						TestTargetID = C5AF8EFC2F1906250086A678;
					};
					C5AF8FBF2F1CB1FC0086A678 = {
						CreatedOnToolsVersion = 26.1.1;
					};
				};
			};
			buildConfigurationList = C5AF8EF82F1906250086A678 /* Build configuration list for PBXProject "digital_clock" */;
			developmentRegion = en;
			hasScannedForEncodings = 0;
			knownRegions = (
				en,
				Base,
				ja,
				"zh-Hans",
				"zh-Hant",
				ko,
				es,
				fr,
				de,
				it,
				pt,
				ru,
				ar,
				hi,
				th,
				vi,
				id,
				ms,
				nl,
				pl,
				tr,
				sv,
				nb,
				da,
				fi,
				el,
				cs,
				hu,
				ro,
				uk,
				he,
				bn,
				fil,
			);
			mainGroup = C5AF8EF42F1906250086A678;
			minimizedProjectReferenceProxies = 1;
			preferredProjectObjectVersion = 77;
			productRefGroup = C5AF8EFE2F1906250086A678 /* Products */;
			projectDirPath = "";
			projectRoot = "";
			targets = (
				C5AF8EFC2F1906250086A678 /* digital_clock */,
				C5AF8F0E2F1906280086A678 /* digital_clockTests */,
				C5AF8F182F1906280086A678 /* digital_clockUITests */,
				C5AF8FBF2F1CB1FC0086A678 /* ClockWidgetExtension */,
			);
		};
/* End PBXProject section */

/* Begin PBXResourcesBuildPhase section */
		C5AF8EFB2F1906250086A678 /* Resources */ = {
			isa = PBXResourcesBuildPhase;
			buildActionMask = 2147483647;
			files = (
				C5AF8FDD2F1CC1FD0086A678 /* icon.png in Resources */,
			);
			runOnlyForDeploymentPostprocessing = 0;
		};
		C5AF8F0D2F1906280086A678 /* Resources */ = {
			isa = PBXResourcesBuildPhase;
			buildActionMask = 2147483647;
			files = (
			);
			runOnlyForDeploymentPostprocessing = 0;
		};
		C5AF8F172F1906280086A678 /* Resources */ = {
			isa = PBXResourcesBuildPhase;
			buildActionMask = 2147483647;
			files = (
			);
			runOnlyForDeploymentPostprocessing = 0;
		};
		C5AF8FBE2F1CB1FC0086A678 /* Resources */ = {
			isa = PBXResourcesBuildPhase;
			buildActionMask = 2147483647;
			files = (
				C5AF8FDE2F1CC1FD0086A678 /* icon.png in Resources */,
			);
			runOnlyForDeploymentPostprocessing = 0;
		};
/* End PBXResourcesBuildPhase section */

/* Begin PBXSourcesBuildPhase section */
		C5AF8EF92F1906250086A678 /* Sources */ = {
			isa = PBXSourcesBuildPhase;
			buildActionMask = 2147483647;
			files = (
			);
			runOnlyForDeploymentPostprocessing = 0;
		};
		C5AF8F0B2F1906280086A678 /* Sources */ = {
			isa = PBXSourcesBuildPhase;
			buildActionMask = 2147483647;
			files = (
			);
			runOnlyForDeploymentPostprocessing = 0;
		};
		C5AF8F152F1906280086A678 /* Sources */ = {
			isa = PBXSourcesBuildPhase;
			buildActionMask = 2147483647;
			files = (
			);
			runOnlyForDeploymentPostprocessing = 0;
		};
		C5AF8FBC2F1CB1FC0086A678 /* Sources */ = {
			isa = PBXSourcesBuildPhase;
			buildActionMask = 2147483647;
			files = (
			);
			runOnlyForDeploymentPostprocessing = 0;
		};
/* End PBXSourcesBuildPhase section */

/* Begin PBXTargetDependency section */
		C5AF8F112F1906280086A678 /* PBXTargetDependency */ = {
			isa = PBXTargetDependency;
			target = C5AF8EFC2F1906250086A678 /* digital_clock */;
			targetProxy = C5AF8F102F1906280086A678 /* PBXContainerItemProxy */;
		};
		C5AF8F1B2F1906280086A678 /* PBXTargetDependency */ = {
			isa = PBXTargetDependency;
			target = C5AF8EFC2F1906250086A678 /* digital_clock */;
			targetProxy = C5AF8F1A2F1906280086A678 /* PBXContainerItemProxy */;
		};
		C5AF8FD52F1CB1FE0086A678 /* PBXTargetDependency */ = {
			isa = PBXTargetDependency;
			target = C5AF8FBF2F1CB1FC0086A678 /* ClockWidgetExtension */;
			targetProxy = C5AF8FD42F1CB1FE0086A678 /* PBXContainerItemProxy */;
		};
/* End PBXTargetDependency section */

/* Begin XCBuildConfiguration section */
		C5AF8F212F1906280086A678 /* Debug */ = {
			isa = XCBuildConfiguration;
			buildSettings = {
				ALWAYS_SEARCH_USER_PATHS = NO;
				ASSETCATALOG_COMPILER_GENERATE_SWIFT_ASSET_SYMBOL_EXTENSIONS = YES;
				CLANG_ANALYZER_NONNULL = YES;
				CLANG_ANALYZER_NUMBER_OBJECT_CONVERSION = YES_AGGRESSIVE;
				CLANG_CXX_LANGUAGE_STANDARD = "gnu++20";
				CLANG_ENABLE_MODULES = YES;
				CLANG_ENABLE_OBJC_ARC = YES;
				CLANG_ENABLE_OBJC_WEAK = YES;
				CLANG_WARN_BLOCK_CAPTURE_AUTORELEASING = YES;
				CLANG_WARN_BOOL_CONVERSION = YES;
				CLANG_WARN_COMMA = YES;
				CLANG_WARN_CONSTANT_CONVERSION = YES;
				CLANG_WARN_DEPRECATED_OBJC_IMPLEMENTATIONS = YES;
				CLANG_WARN_DIRECT_OBJC_ISA_USAGE = YES_ERROR;
				CLANG_WARN_DOCUMENTATION_COMMENTS = YES;
				CLANG_WARN_EMPTY_BODY = YES;
				CLANG_WARN_ENUM_CONVERSION = YES;
				CLANG_WARN_INFINITE_RECURSION = YES;
				CLANG_WARN_INT_CONVERSION = YES;
				CLANG_WARN_NON_LITERAL_NULL_CONVERSION = YES;
				CLANG_WARN_OBJC_IMPLICIT_RETAIN_SELF = YES;
				CLANG_WARN_OBJC_LITERAL_CONVERSION = YES;
				CLANG_WARN_OBJC_ROOT_CLASS = YES_ERROR;
				CLANG_WARN_QUOTED_INCLUDE_IN_FRAMEWORK_HEADER = YES;
				CLANG_WARN_RANGE_LOOP_ANALYSIS = YES;
				CLANG_WARN_STRICT_PROTOTYPES = YES;
				CLANG_WARN_SUSPICIOUS_MOVE = YES;
				CLANG_WARN_UNGUARDED_AVAILABILITY = YES_AGGRESSIVE;
				CLANG_WARN_UNREACHABLE_CODE = YES;
				CLANG_WARN__DUPLICATE_METHOD_MATCH = YES;
				COPY_PHASE_STRIP = NO;
				DEBUG_INFORMATION_FORMAT = dwarf;
				DEVELOPMENT_TEAM = 6P58LD39J7;
				ENABLE_STRICT_OBJC_MSGSEND = YES;
				ENABLE_TESTABILITY = YES;
				ENABLE_USER_SCRIPT_SANDBOXING = YES;
				GCC_C_LANGUAGE_STANDARD = gnu17;
				GCC_DYNAMIC_NO_PIC = NO;
				GCC_NO_COMMON_BLOCKS = YES;
				GCC_OPTIMIZATION_LEVEL = 0;
				GCC_PREPROCESSOR_DEFINITIONS = (
					"DEBUG=1",
					"$(inherited)",
				);
				GCC_WARN_64_TO_32_BIT_CONVERSION = YES;
				GCC_WARN_ABOUT_RETURN_TYPE = YES_ERROR;
				GCC_WARN_UNDECLARED_SELECTOR = YES;
				GCC_WARN_UNINITIALIZED_AUTOS = YES_AGGRESSIVE;
				GCC_WARN_UNUSED_FUNCTION = YES;
				GCC_WARN_UNUSED_VARIABLE = YES;
				IPHONEOS_DEPLOYMENT_TARGET = 26.1;
				LOCALIZATION_PREFERS_STRING_CATALOGS = YES;
				MTL_ENABLE_DEBUG_INFO = INCLUDE_SOURCE;
				MTL_FAST_MATH = YES;
				ONLY_ACTIVE_ARCH = YES;
				SDKROOT = iphoneos;
				SWIFT_ACTIVE_COMPILATION_CONDITIONS = "DEBUG $(inherited)";
				SWIFT_OPTIMIZATION_LEVEL = "-Onone";
			};
			name = Debug;
		};
		C5AF8F222F1906280086A678 /* Release */ = {
			isa = XCBuildConfiguration;
			buildSettings = {
				ALWAYS_SEARCH_USER_PATHS = NO;
				ASSETCATALOG_COMPILER_GENERATE_SWIFT_ASSET_SYMBOL_EXTENSIONS = YES;
				CLANG_ANALYZER_NONNULL = YES;
				CLANG_ANALYZER_NUMBER_OBJECT_CONVERSION = YES_AGGRESSIVE;
				CLANG_CXX_LANGUAGE_STANDARD = "gnu++20";
				CLANG_ENABLE_MODULES = YES;
				CLANG_ENABLE_OBJC_ARC = YES;
				CLANG_ENABLE_OBJC_WEAK = YES;
				CLANG_WARN_BLOCK_CAPTURE_AUTORELEASING = YES;
				CLANG_WARN_BOOL_CONVERSION = YES;
				CLANG_WARN_COMMA = YES;
				CLANG_WARN_CONSTANT_CONVERSION = YES;
				CLANG_WARN_DEPRECATED_OBJC_IMPLEMENTATIONS = YES;
				CLANG_WARN_DIRECT_OBJC_ISA_USAGE = YES_ERROR;
				CLANG_WARN_DOCUMENTATION_COMMENTS = YES;
				CLANG_WARN_EMPTY_BODY = YES;
				CLANG_WARN_ENUM_CONVERSION = YES;
				CLANG_WARN_INFINITE_RECURSION = YES;
				CLANG_WARN_INT_CONVERSION = YES;
				CLANG_WARN_NON_LITERAL_NULL_CONVERSION = YES;
				CLANG_WARN_OBJC_IMPLICIT_RETAIN_SELF = YES;
				CLANG_WARN_OBJC_LITERAL_CONVERSION = YES;
				CLANG_WARN_OBJC_ROOT_CLASS = YES_ERROR;
				CLANG_WARN_QUOTED_INCLUDE_IN_FRAMEWORK_HEADER = YES;
				CLANG_WARN_RANGE_LOOP_ANALYSIS = YES;
				CLANG_WARN_STRICT_PROTOTYPES = YES;
				CLANG_WARN_SUSPICIOUS_MOVE = YES;
				CLANG_WARN_UNGUARDED_AVAILABILITY = YES_AGGRESSIVE;
				CLANG_WARN_UNREACHABLE_CODE = YES;
				CLANG_WARN__DUPLICATE_METHOD_MATCH = YES;
				COPY_PHASE_STRIP = NO;
				DEBUG_INFORMATION_FORMAT = "dwarf-with-dsym";
				DEVELOPMENT_TEAM = 6P58LD39J7;
				ENABLE_NS_ASSERTIONS = NO;
				ENABLE_STRICT_OBJC_MSGSEND = YES;
				ENABLE_USER_SCRIPT_SANDBOXING = YES;
				GCC_C_LANGUAGE_STANDARD = gnu17;
				GCC_NO_COMMON_BLOCKS = YES;
				GCC_WARN_64_TO_32_BIT_CONVERSION = YES;
				GCC_WARN_ABOUT_RETURN_TYPE = YES_ERROR;
				GCC_WARN_UNDECLARED_SELECTOR = YES;
				GCC_WARN_UNINITIALIZED_AUTOS = YES_AGGRESSIVE;
				GCC_WARN_UNUSED_FUNCTION = YES;
				GCC_WARN_UNUSED_VARIABLE = YES;
				IPHONEOS_DEPLOYMENT_TARGET = 26.1;
				LOCALIZATION_PREFERS_STRING_CATALOGS = YES;
				MTL_ENABLE_DEBUG_INFO = NO;
				MTL_FAST_MATH = YES;
				SDKROOT = iphoneos;
				SWIFT_COMPILATION_MODE = wholemodule;
				VALIDATE_PRODUCT = YES;
			};
			name = Release;
		};
		C5AF8F242F1906280086A678 /* Debug */ = {
			isa = XCBuildConfiguration;
			buildSettings = {
				ASSETCATALOG_COMPILER_APPICON_NAME = AppIcon;
				ASSETCATALOG_COMPILER_GLOBAL_ACCENT_COLOR_NAME = AccentColor;
				CODE_SIGN_STYLE = Automatic;
				CURRENT_PROJECT_VERSION = 1;
				DEVELOPMENT_TEAM = 6P58LD39J7;
				ENABLE_PREVIEWS = YES;
				GENERATE_INFOPLIST_FILE = YES;
				INFOPLIST_KEY_UIApplicationSceneManifest_Generation = YES;
				INFOPLIST_KEY_UIApplicationSupportsIndirectInputEvents = YES;
				INFOPLIST_KEY_UILaunchScreen_Generation = YES;
				INFOPLIST_KEY_UISupportedInterfaceOrientations_iPad = "UIInterfaceOrientationPortrait UIInterfaceOrientationPortraitUpsideDown UIInterfaceOrientationLandscapeLeft UIInterfaceOrientationLandscapeRight";
				INFOPLIST_KEY_UISupportedInterfaceOrientations_iPhone = "UIInterfaceOrientationPortrait UIInterfaceOrientationLandscapeLeft UIInterfaceOrientationLandscapeRight";
				LD_RUNPATH_SEARCH_PATHS = (
					"$(inherited)",
					"@executable_path/Frameworks",
				);
				MARKETING_VERSION = 1.0;
				PRODUCT_BUNDLE_IDENTIFIER = "com.yostfandy.digital-clock";
				PRODUCT_NAME = "$(TARGET_NAME)";
				STRING_CATALOG_GENERATE_SYMBOLS = YES;
				SWIFT_APPROACHABLE_CONCURRENCY = YES;
				SWIFT_DEFAULT_ACTOR_ISOLATION = MainActor;
				SWIFT_EMIT_LOC_STRINGS = YES;
				SWIFT_UPCOMING_FEATURE_MEMBER_IMPORT_VISIBILITY = YES;
				SWIFT_VERSION = 5.0;
				TARGETED_DEVICE_FAMILY = "1,2";
			};
			name = Debug;
		};
		C5AF8F252F1906280086A678 /* Release */ = {
			isa = XCBuildConfiguration;
			buildSettings = {
				ASSETCATALOG_COMPILER_APPICON_NAME = AppIcon;
				ASSETCATALOG_COMPILER_GLOBAL_ACCENT_COLOR_NAME = AccentColor;
				CODE_SIGN_STYLE = Automatic;
				CURRENT_PROJECT_VERSION = 1;
				DEVELOPMENT_TEAM = 6P58LD39J7;
				ENABLE_PREVIEWS = YES;
				GENERATE_INFOPLIST_FILE = YES;
				INFOPLIST_KEY_UIApplicationSceneManifest_Generation = YES;
				INFOPLIST_KEY_UIApplicationSupportsIndirectInputEvents = YES;
				INFOPLIST_KEY_UILaunchScreen_Generation = YES;
				INFOPLIST_KEY_UISupportedInterfaceOrientations_iPad = "UIInterfaceOrientationPortrait UIInterfaceOrientationPortraitUpsideDown UIInterfaceOrientationLandscapeLeft UIInterfaceOrientationLandscapeRight";
				INFOPLIST_KEY_UISupportedInterfaceOrientations_iPhone = "UIInterfaceOrientationPortrait UIInterfaceOrientationLandscapeLeft UIInterfaceOrientationLandscapeRight";
				LD_RUNPATH_SEARCH_PATHS = (
					"$(inherited)",
					"@executable_path/Frameworks",
				);
				MARKETING_VERSION = 1.0;
				PRODUCT_BUNDLE_IDENTIFIER = "com.yostfandy.digital-clock";
				PRODUCT_NAME = "$(TARGET_NAME)";
				STRING_CATALOG_GENERATE_SYMBOLS = YES;
				SWIFT_APPROACHABLE_CONCURRENCY = YES;
				SWIFT_DEFAULT_ACTOR_ISOLATION = MainActor;
				SWIFT_EMIT_LOC_STRINGS = YES;
				SWIFT_UPCOMING_FEATURE_MEMBER_IMPORT_VISIBILITY = YES;
				SWIFT_VERSION = 5.0;
				TARGETED_DEVICE_FAMILY = "1,2";
			};
			name = Release;
		};
		C5AF8F272F1906280086A678 /* Debug */ = {
			isa = XCBuildConfiguration;
			buildSettings = {
				BUNDLE_LOADER = "$(TEST_HOST)";
				CODE_SIGN_STYLE = Automatic;
				CURRENT_PROJECT_VERSION = 1;
				DEVELOPMENT_TEAM = 6P58LD39J7;
				GENERATE_INFOPLIST_FILE = YES;
				IPHONEOS_DEPLOYMENT_TARGET = 26.1;
				MARKETING_VERSION = 1.0;
				PRODUCT_BUNDLE_IDENTIFIER = "com.yostfandy.digital-clockTests";
				PRODUCT_NAME = "$(TARGET_NAME)";
				STRING_CATALOG_GENERATE_SYMBOLS = NO;
				SWIFT_APPROACHABLE_CONCURRENCY = YES;
				SWIFT_EMIT_LOC_STRINGS = NO;
				SWIFT_UPCOMING_FEATURE_MEMBER_IMPORT_VISIBILITY = YES;
				SWIFT_VERSION = 5.0;
				TARGETED_DEVICE_FAMILY = "1,2";
				TEST_HOST = "$(BUILT_PRODUCTS_DIR)/digital_clock.app/$(BUNDLE_EXECUTABLE_FOLDER_PATH)/digital_clock";
			};
			name = Debug;
		};
		C5AF8F282F1906280086A678 /* Release */ = {
			isa = XCBuildConfiguration;
			buildSettings = {
				BUNDLE_LOADER = "$(TEST_HOST)";
				CODE_SIGN_STYLE = Automatic;
				CURRENT_PROJECT_VERSION = 1;
				DEVELOPMENT_TEAM = 6P58LD39J7;
				GENERATE_INFOPLIST_FILE = YES;
				IPHONEOS_DEPLOYMENT_TARGET = 26.1;
				MARKETING_VERSION = 1.0;
				PRODUCT_BUNDLE_IDENTIFIER = "com.yostfandy.digital-clockTests";
				PRODUCT_NAME = "$(TARGET_NAME)";
				STRING_CATALOG_GENERATE_SYMBOLS = NO;
				SWIFT_APPROACHABLE_CONCURRENCY = YES;
				SWIFT_EMIT_LOC_STRINGS = NO;
				SWIFT_UPCOMING_FEATURE_MEMBER_IMPORT_VISIBILITY = YES;
				SWIFT_VERSION = 5.0;
				TARGETED_DEVICE_FAMILY = "1,2";
				TEST_HOST = "$(BUILT_PRODUCTS_DIR)/digital_clock.app/$(BUNDLE_EXECUTABLE_FOLDER_PATH)/digital_clock";
			};
			name = Release;
		};
		C5AF8F2A2F1906280086A678 /* Debug */ = {
			isa = XCBuildConfiguration;
			buildSettings = {
				CODE_SIGN_STYLE = Automatic;
				CURRENT_PROJECT_VERSION = 1;
				DEVELOPMENT_TEAM = 6P58LD39J7;
				GENERATE_INFOPLIST_FILE = YES;
				MARKETING_VERSION = 1.0;
				PRODUCT_BUNDLE_IDENTIFIER = "com.yostfandy.digital-clockUITests";
				PRODUCT_NAME = "$(TARGET_NAME)";
				STRING_CATALOG_GENERATE_SYMBOLS = NO;
				SWIFT_APPROACHABLE_CONCURRENCY = YES;
				SWIFT_EMIT_LOC_STRINGS = NO;
				SWIFT_UPCOMING_FEATURE_MEMBER_IMPORT_VISIBILITY = YES;
				SWIFT_VERSION = 5.0;
				TARGETED_DEVICE_FAMILY = "1,2";
				TEST_TARGET_NAME = digital_clock;
			};
			name = Debug;
		};
		C5AF8F2B2F1906280086A678 /* Release */ = {
			isa = XCBuildConfiguration;
			buildSettings = {
				CODE_SIGN_STYLE = Automatic;
				CURRENT_PROJECT_VERSION = 1;
				DEVELOPMENT_TEAM = 6P58LD39J7;
				GENERATE_INFOPLIST_FILE = YES;
				MARKETING_VERSION = 1.0;
				PRODUCT_BUNDLE_IDENTIFIER = "com.yostfandy.digital-clockUITests";
				PRODUCT_NAME = "$(TARGET_NAME)";
				STRING_CATALOG_GENERATE_SYMBOLS = NO;
				SWIFT_APPROACHABLE_CONCURRENCY = YES;
				SWIFT_EMIT_LOC_STRINGS = NO;
				SWIFT_UPCOMING_FEATURE_MEMBER_IMPORT_VISIBILITY = YES;
				SWIFT_VERSION = 5.0;
				TARGETED_DEVICE_FAMILY = "1,2";
				TEST_TARGET_NAME = digital_clock;
			};
			name = Release;
		};
		C5AF8FD92F1CB1FE0086A678 /* Debug */ = {
			isa = XCBuildConfiguration;
			buildSettings = {
				ASSETCATALOG_COMPILER_GLOBAL_ACCENT_COLOR_NAME = AccentColor;
				ASSETCATALOG_COMPILER_WIDGET_BACKGROUND_COLOR_NAME = WidgetBackground;
				CODE_SIGN_STYLE = Automatic;
				CURRENT_PROJECT_VERSION = 1;
				DEVELOPMENT_TEAM = 6P58LD39J7;
				GENERATE_INFOPLIST_FILE = YES;
				INFOPLIST_FILE = ClockWidget/Info.plist;
				INFOPLIST_KEY_CFBundleDisplayName = ClockWidget;
				INFOPLIST_KEY_NSHumanReadableCopyright = "";
				LD_RUNPATH_SEARCH_PATHS = (
					"$(inherited)",
					"@executable_path/Frameworks",
					"@executable_path/../../Frameworks",
				);
				MARKETING_VERSION = 1.0;
				PRODUCT_BUNDLE_IDENTIFIER = "com.yostfandy.digital-clock.ClockWidget";
				PRODUCT_NAME = "$(TARGET_NAME)";
				SKIP_INSTALL = YES;
				STRING_CATALOG_GENERATE_SYMBOLS = YES;
				SWIFT_APPROACHABLE_CONCURRENCY = YES;
				SWIFT_EMIT_LOC_STRINGS = YES;
				SWIFT_UPCOMING_FEATURE_MEMBER_IMPORT_VISIBILITY = YES;
				SWIFT_VERSION = 5.0;
				TARGETED_DEVICE_FAMILY = "1,2";
			};
			name = Debug;
		};
		C5AF8FDA2F1CB1FE0086A678 /* Release */ = {
			isa = XCBuildConfiguration;
			buildSettings = {
				ASSETCATALOG_COMPILER_GLOBAL_ACCENT_COLOR_NAME = AccentColor;
				ASSETCATALOG_COMPILER_WIDGET_BACKGROUND_COLOR_NAME = WidgetBackground;
				CODE_SIGN_STYLE = Automatic;
				CURRENT_PROJECT_VERSION = 1;
				DEVELOPMENT_TEAM = 6P58LD39J7;
				GENERATE_INFOPLIST_FILE = YES;
				INFOPLIST_FILE = ClockWidget/Info.plist;
				INFOPLIST_KEY_CFBundleDisplayName = ClockWidget;
				INFOPLIST_KEY_NSHumanReadableCopyright = "";
				LD_RUNPATH_SEARCH_PATHS = (
					"$(inherited)",
					"@executable_path/Frameworks",
					"@executable_path/../../Frameworks",
				);
				MARKETING_VERSION = 1.0;
				PRODUCT_BUNDLE_IDENTIFIER = "com.yostfandy.digital-clock.ClockWidget";
				PRODUCT_NAME = "$(TARGET_NAME)";
				SKIP_INSTALL = YES;
				STRING_CATALOG_GENERATE_SYMBOLS = YES;
				SWIFT_APPROACHABLE_CONCURRENCY = YES;
				SWIFT_EMIT_LOC_STRINGS = YES;
				SWIFT_UPCOMING_FEATURE_MEMBER_IMPORT_VISIBILITY = YES;
				SWIFT_VERSION = 5.0;
				TARGETED_DEVICE_FAMILY = "1,2";
			};
			name = Release;
		};
/* End XCBuildConfiguration section */

/* Begin XCConfigurationList section */
		C5AF8EF82F1906250086A678 /* Build configuration list for PBXProject "digital_clock" */ = {
			isa = XCConfigurationList;
			buildConfigurations = (
				C5AF8F212F1906280086A678 /* Debug */,
				C5AF8F222F1906280086A678 /* Release */,
			);
			defaultConfigurationIsVisible = 0;
			defaultConfigurationName = Release;
		};
		C5AF8F232F1906280086A678 /* Build configuration list for PBXNativeTarget "digital_clock" */ = {
			isa = XCConfigurationList;
			buildConfigurations = (
				C5AF8F242F1906280086A678 /* Debug */,
				C5AF8F252F1906280086A678 /* Release */,
			);
			defaultConfigurationIsVisible = 0;
			defaultConfigurationName = Release;
		};
		C5AF8F262F1906280086A678 /* Build configuration list for PBXNativeTarget "digital_clockTests" */ = {
			isa = XCConfigurationList;
			buildConfigurations = (
				C5AF8F272F1906280086A678 /* Debug */,
				C5AF8F282F1906280086A678 /* Release */,
			);
			defaultConfigurationIsVisible = 0;
			defaultConfigurationName = Release;
		};
		C5AF8F292F1906280086A678 /* Build configuration list for PBXNativeTarget "digital_clockUITests" */ = {
			isa = XCConfigurationList;
			buildConfigurations = (
				C5AF8F2A2F1906280086A678 /* Debug */,
				C5AF8F2B2F1906280086A678 /* Release */,
			);
			defaultConfigurationIsVisible = 0;
			defaultConfigurationName = Release;
		};
		C5AF8FD82F1CB1FE0086A678 /* Build configuration list for PBXNativeTarget "ClockWidgetExtension" */ = {
			isa = XCConfigurationList;
			buildConfigurations = (
				C5AF8FD92F1CB1FE0086A678 /* Debug */,
				C5AF8FDA2F1CB1FE0086A678 /* Release */,
			);
			defaultConfigurationIsVisible = 0;
			defaultConfigurationName = Release;
		};
/* End XCConfigurationList section */
	};
	rootObject = C5AF8EF52F1906250086A678 /* Project object */;
}
